
Microsoft Visual Studio Solution File, Format Version 12.00
# Visual Studio 15
VisualStudioVersion = 15.0.27428.1
MinimumVisualStudioVersion = 10.0.40219.1
Project("{FAE04EC0-301F-11D3-BF4B-00C04F79EFBC}") = "ci-sharp-test", "ci-sharp-test\ci-sharp-test.csproj", "{F7596CCD-C27A-4940-8034-4279B4325E54}"
EndProject
Project("{2150E333-8FDC-42A3-9474-1A3956D46DE8}") = "Git", "Git", "{FECE9A73-6F6C-436C-8E15-FF5B4EAD4F9F}"
	ProjectSection(SolutionItems) = preProject
		.gitattributes = .gitattributes
		.gitignore = .gitignore
	EndProjectSection
EndProject
Project("{2150E333-8FDC-42A3-9474-1A3956D46DE8}") = "Config", "Config", "{521587B1-E2E3-42E2-83B4-A2F5DBE9DCAD}"
	ProjectSection(SolutionItems) = preProject
		.editorconfig = .editorconfig
		NuGet.config = NuGet.config
	EndProjectSection
EndProject
Project("{2150E333-8FDC-42A3-9474-1A3956D46DE8}") = "CI", "CI", "{F1ABD85C-E975-4445-B4FC-A83B07139F53}"
	ProjectSection(SolutionItems) = preProject
		.appveyor.yml = .appveyor.yml
	EndProjectSection
EndProject
Global
	GlobalSection(SolutionConfigurationPlatforms) = preSolution
		Debug|Any CPU = Debug|Any CPU
		Release|Any CPU = Release|Any CPU
	EndGlobalSection
	GlobalSection(ProjectConfigurationPlatforms) = postSolution
		{F7596CCD-C27A-4940-8034-4279B4325E54}.Debug|Any CPU.ActiveCfg = Debug|Any CPU
		{F7596CCD-C27A-4940-8034-4279B4325E54}.Debug|Any CPU.Build.0 = Debug|Any CPU
		{F7596CCD-C27A-4940-8034-4279B4325E54}.Release|Any CPU.ActiveCfg = Release|Any CPU
		{F7596CCD-C27A-4940-8034-4279B4325E54}.Release|Any CPU.Build.0 = Release|Any CPU
	EndGlobalSection
	GlobalSection(SolutionProperties) = preSolution
		HideSolutionNode = FALSE
	EndGlobalSection
	GlobalSection(ExtensibilityGlobals) = postSolution
		SolutionGuid = {8A787858-71BD-46F7-B08A-3A28CFE71764}
	EndGlobalSection
EndGlobal
